
Microsoft Visual Studio Solution File, Format Version 12.00
# Visual Studio Version 17
VisualStudioVersion = 17.13.35931.197 d17.13
MinimumVisualStudioVersion = 10.0.40219.1
Project("{FAE04EC0-301F-11D3-BF4B-00C04F79EFBC}") = "Bookorma", "Bookorma\Bookorma.csproj", "{70609D36-FAB1-40A3-81A4-7D7A6A11985A}"
EndProject
Global
	GlobalSection(SolutionConfigurationPlatforms) = preSolution
		Debug|Any CPU = Debug|Any CPU
		Release|Any CPU = Release|Any CPU
	EndGlobalSection
	GlobalSection(ProjectConfigurationPlatforms) = postSolution
		{70609D36-FAB1-40A3-81A4-7D7A6A11985A}.Debug|Any CPU.ActiveCfg = Debug|Any CPU
		{70609D36-FAB1-40A3-81A4-7D7A6A11985A}.Debug|Any CPU.Build.0 = Debug|Any CPU
		{70609D36-FAB1-40A3-81A4-7D7A6A11985A}.Release|Any CPU.ActiveCfg = Release|Any CPU
		{70609D36-FAB1-40A3-81A4-7D7A6A11985A}.Release|Any CPU.Build.0 = Release|Any CPU
	EndGlobalSection
	GlobalSection(SolutionProperties) = preSolution
		HideSolutionNode = FALSE
	EndGlobalSection
	GlobalSection(ExtensibilityGlobals) = postSolution
		SolutionGuid = {D5564889-166C-49F9-9A4E-D054DEB975B4}
	EndGlobalSection
EndGlobal
